// !$*UTF8*$!
{
	archiveVersion = 1;
	classes = {
	};
	objectVersion = 46;
	objects = {

/* Begin PBXBuildFile section */
		462FA5831D30C1AF0099FD9E /* AppDelegate.swift in Sources */ = {isa = PBXBuildFile; fileRef = 462FA5821D30C1AF0099FD9E /* AppDelegate.swift */; };
		462FA5851D30C1AF0099FD9E /* Assets.xcassets in Resources */ = {isa = PBXBuildFile; fileRef = 462FA5841D30C1AF0099FD9E /* Assets.xcassets */; };
		462FA5881D30C1AF0099FD9E /* MainMenu.xib in Resources */ = {isa = PBXBuildFile; fileRef = 462FA5861D30C1AF0099FD9E /* MainMenu.xib */; };
		462FA5901D312BDB0099FD9E /* Ipsum.plist in Resources */ = {isa = PBXBuildFile; fileRef = 462FA58F1D312BDB0099FD9E /* Ipsum.plist */; };
		462FA5921D31341D0099FD9E /* AIMenuItem.swift in Sources */ = {isa = PBXBuildFile; fileRef = 462FA5911D31341D0099FD9E /* AIMenuItem.swift */; };
		46445B3220273635008E071A /* AIParagraph.swift in Sources */ = {isa = PBXBuildFile; fileRef = 46445B3120273635008E071A /* AIParagraph.swift */; };
		469992361D36505900D073CD /* String+words.swift in Sources */ = {isa = PBXBuildFile; fileRef = 469992351D36505900D073CD /* String+words.swift */; };
		46E666881D3CB873004F476F /* String+condenseWhitespace.swift in Sources */ = {isa = PBXBuildFile; fileRef = 46E666871D3CB873004F476F /* String+condenseWhitespace.swift */; };
		46E6668A1D3CB8A6004F476F /* String+capitalizeFirstLetter.swift in Sources */ = {isa = PBXBuildFile; fileRef = 46E666891D3CB8A6004F476F /* String+capitalizeFirstLetter.swift */; };
/* End PBXBuildFile section */

/* Begin PBXFileReference section */
		462FA57F1D30C1AF0099FD9E /* AnyIpsum.app */ = {isa = PBXFileReference; explicitFileType = wrapper.application; includeInIndex = 0; path = AnyIpsum.app; sourceTree = BUILT_PRODUCTS_DIR; };
		462FA5821D30C1AF0099FD9E /* AppDelegate.swift */ = {isa = PBXFileReference; lastKnownFileType = sourcecode.swift; path = AppDelegate.swift; sourceTree = "<group>"; };
		462FA5841D30C1AF0099FD9E /* Assets.xcassets */ = {isa = PBXFileReference; lastKnownFileType = folder.assetcatalog; path = Assets.xcassets; sourceTree = "<group>"; };
		462FA5871D30C1AF0099FD9E /* Base */ = {isa = PBXFileReference; lastKnownFileType = file.xib; name = Base; path = Base.lproj/MainMenu.xib; sourceTree = "<group>"; };
		462FA5891D30C1AF0099FD9E /* Info.plist */ = {isa = PBXFileReference; lastKnownFileType = text.plist.xml; path = Info.plist; sourceTree = "<group>"; };
		462FA58F1D312BDB0099FD9E /* Ipsum.plist */ = {isa = PBXFileReference; fileEncoding = 4; lastKnownFileType = text.plist.xml; path = Ipsum.plist; sourceTree = "<group>"; };
		462FA5911D31341D0099FD9E /* AIMenuItem.swift */ = {isa = PBXFileReference; fileEncoding = 4; lastKnownFileType = sourcecode.swift; path = AIMenuItem.swift; sourceTree = "<group>"; };
		46445B3120273635008E071A /* AIParagraph.swift */ = {isa = PBXFileReference; lastKnownFileType = sourcecode.swift; path = AIParagraph.swift; sourceTree = "<group>"; };
		469992351D36505900D073CD /* String+words.swift */ = {isa = PBXFileReference; fileEncoding = 4; lastKnownFileType = sourcecode.swift; path = "String+words.swift"; sourceTree = "<group>"; };
		46E666871D3CB873004F476F /* String+condenseWhitespace.swift */ = {isa = PBXFileReference; fileEncoding = 4; lastKnownFileType = sourcecode.swift; path = "String+condenseWhitespace.swift"; sourceTree = "<group>"; };
		46E666891D3CB8A6004F476F /* String+capitalizeFirstLetter.swift */ = {isa = PBXFileReference; fileEncoding = 4; lastKnownFileType = sourcecode.swift; path = "String+capitalizeFirstLetter.swift"; sourceTree = "<group>"; };
/* End PBXFileReference section */

/* Begin PBXFrameworksBuildPhase section */
		462FA57C1D30C1AF0099FD9E /* Frameworks */ = {
			isa = PBXFrameworksBuildPhase;
			buildActionMask = 2147483647;
			files = (
			);
			runOnlyForDeploymentPostprocessing = 0;
		};
/* End PBXFrameworksBuildPhase section */

/* Begin PBXGroup section */
		462FA5761D30C1AF0099FD9E = {
			isa = PBXGroup;
			children = (
				462FA5811D30C1AF0099FD9E /* AnyIpsum */,
				462FA5801D30C1AF0099FD9E /* Products */,
			);
			sourceTree = "<group>";
		};
		462FA5801D30C1AF0099FD9E /* Products */ = {
			isa = PBXGroup;
			children = (
				462FA57F1D30C1AF0099FD9E /* AnyIpsum.app */,
			);
			name = Products;
			sourceTree = "<group>";
		};
		462FA5811D30C1AF0099FD9E /* AnyIpsum */ = {
			isa = PBXGroup;
			children = (
				4643712B1D3A826B007B76B1 /* Classes */,
				4643712A1D3A825D007B76B1 /* Extensions */,
				462FA5821D30C1AF0099FD9E /* AppDelegate.swift */,
				462FA5841D30C1AF0099FD9E /* Assets.xcassets */,
				462FA5861D30C1AF0099FD9E /* MainMenu.xib */,
				462FA5891D30C1AF0099FD9E /* Info.plist */,
				462FA58F1D312BDB0099FD9E /* Ipsum.plist */,
			);
			path = AnyIpsum;
			sourceTree = "<group>";
		};
		4643712A1D3A825D007B76B1 /* Extensions */ = {
			isa = PBXGroup;
			children = (
				469992351D36505900D073CD /* String+words.swift */,
				46E666871D3CB873004F476F /* String+condenseWhitespace.swift */,
				46E666891D3CB8A6004F476F /* String+capitalizeFirstLetter.swift */,
			);
			name = Extensions;
			sourceTree = "<group>";
		};
		4643712B1D3A826B007B76B1 /* Classes */ = {
			isa = PBXGroup;
			children = (
				462FA5911D31341D0099FD9E /* AIMenuItem.swift */,
				46445B3120273635008E071A /* AIParagraph.swift */,
			);
			name = Classes;
			sourceTree = "<group>";
		};
/* End PBXGroup section */

/* Begin PBXNativeTarget section */
		462FA57E1D30C1AF0099FD9E /* AnyIpsum */ = {
			isa = PBXNativeTarget;
			buildConfigurationList = 462FA58C1D30C1AF0099FD9E /* Build configuration list for PBXNativeTarget "AnyIpsum" */;
			buildPhases = (
				462FA57B1D30C1AF0099FD9E /* Sources */,
				462FA57C1D30C1AF0099FD9E /* Frameworks */,
				462FA57D1D30C1AF0099FD9E /* Resources */,
				463E21A61E9F829500258BA6 /* ShellScript */,
			);
			buildRules = (
			);
			dependencies = (
			);
			name = AnyIpsum;
			productName = AnyIpsum;
			productReference = 462FA57F1D30C1AF0099FD9E /* AnyIpsum.app */;
			productType = "com.apple.product-type.application";
		};
/* End PBXNativeTarget section */

/* Begin PBXProject section */
		462FA5771D30C1AF0099FD9E /* Project object */ = {
			isa = PBXProject;
			attributes = {
				LastSwiftUpdateCheck = 0730;
				LastUpgradeCheck = 0920;
				ORGANIZATIONNAME = "Joacim Löwgren";
				TargetAttributes = {
					462FA57E1D30C1AF0099FD9E = {
						CreatedOnToolsVersion = 7.3.1;
						LastSwiftMigration = 0920;
					};
				};
			};
			buildConfigurationList = 462FA57A1D30C1AF0099FD9E /* Build configuration list for PBXProject "AnyIpsum" */;
			compatibilityVersion = "Xcode 3.2";
			developmentRegion = English;
			hasScannedForEncodings = 0;
			knownRegions = (
				en,
				Base,
			);
			mainGroup = 462FA5761D30C1AF0099FD9E;
			productRefGroup = 462FA5801D30C1AF0099FD9E /* Products */;
			projectDirPath = "";
			projectRoot = "";
			targets = (
				462FA57E1D30C1AF0099FD9E /* AnyIpsum */,
			);
		};
/* End PBXProject section */

/* Begin PBXResourcesBuildPhase section */
		462FA57D1D30C1AF0099FD9E /* Resources */ = {
			isa = PBXResourcesBuildPhase;
			buildActionMask = 2147483647;
			files = (
				462FA5901D312BDB0099FD9E /* Ipsum.plist in Resources */,
				462FA5851D30C1AF0099FD9E /* Assets.xcassets in Resources */,
				462FA5881D30C1AF0099FD9E /* MainMenu.xib in Resources */,
			);
			runOnlyForDeploymentPostprocessing = 0;
		};
/* End PBXResourcesBuildPhase section */

/* Begin PBXShellScriptBuildPhase section */
		463E21A61E9F829500258BA6 /* ShellScript */ = {
			isa = PBXShellScriptBuildPhase;
			buildActionMask = 2147483647;
			files = (
			);
			inputPaths = (
			);
			outputPaths = (
			);
			runOnlyForDeploymentPostprocessing = 0;
			shellPath = /bin/sh;
			shellScript = "if [ \"${CONFIGURATION}\" = \"Release\" ]; then\n    echo \"Building release disk image...\"\n    hdiutil create -ov -srcfolder ${CONFIGURATION_BUILD_DIR}/${EXECUTABLE_NAME}.app AnyIpsum.dmg\nfi";
		};
/* End PBXShellScriptBuildPhase section */

/* Begin PBXSourcesBuildPhase section */
		462FA57B1D30C1AF0099FD9E /* Sources */ = {
			isa = PBXSourcesBuildPhase;
			buildActionMask = 2147483647;
			files = (
				46E666881D3CB873004F476F /* String+condenseWhitespace.swift in Sources */,
				462FA5831D30C1AF0099FD9E /* AppDelegate.swift in Sources */,
				46445B3220273635008E071A /* AIParagraph.swift in Sources */,
				469992361D36505900D073CD /* String+words.swift in Sources */,
				462FA5921D31341D0099FD9E /* AIMenuItem.swift in Sources */,
				46E6668A1D3CB8A6004F476F /* String+capitalizeFirstLetter.swift in Sources */,
			);
			runOnlyForDeploymentPostprocessing = 0;
		};
/* End PBXSourcesBuildPhase section */

/* Begin PBXVariantGroup section */
		462FA5861D30C1AF0099FD9E /* MainMenu.xib */ = {
			isa = PBXVariantGroup;
			children = (
				462FA5871D30C1AF0099FD9E /* Base */,
			);
			name = MainMenu.xib;
			sourceTree = "<group>";
		};
/* End PBXVariantGroup section */

/* Begin XCBuildConfiguration section */
		462FA58A1D30C1AF0099FD9E /* Debug */ = {
			isa = XCBuildConfiguration;
			buildSettings = {
				ALWAYS_SEARCH_USER_PATHS = NO;
				CLANG_ANALYZER_NONNULL = YES;
				CLANG_CXX_LANGUAGE_STANDARD = "gnu++0x";
				CLANG_CXX_LIBRARY = "libc++";
				CLANG_ENABLE_MODULES = YES;
				CLANG_ENABLE_OBJC_ARC = YES;
				CLANG_WARN_BLOCK_CAPTURE_AUTORELEASING = YES;
				CLANG_WARN_BOOL_CONVERSION = YES;
				CLANG_WARN_COMMA = YES;
				CLANG_WARN_CONSTANT_CONVERSION = YES;
				CLANG_WARN_DIRECT_OBJC_ISA_USAGE = YES_ERROR;
				CLANG_WARN_EMPTY_BODY = YES;
				CLANG_WARN_ENUM_CONVERSION = YES;
				CLANG_WARN_INFINITE_RECURSION = YES;
				CLANG_WARN_INT_CONVERSION = YES;
				CLANG_WARN_NON_LITERAL_NULL_CONVERSION = YES;
				CLANG_WARN_OBJC_LITERAL_CONVERSION = YES;
				CLANG_WARN_OBJC_ROOT_CLASS = YES_ERROR;
				CLANG_WARN_RANGE_LOOP_ANALYSIS = YES;
				CLANG_WARN_STRICT_PROTOTYPES = YES;
				CLANG_WARN_SUSPICIOUS_MOVE = YES;
				CLANG_WARN_UNREACHABLE_CODE = YES;
				CLANG_WARN__DUPLICATE_METHOD_MATCH = YES;
				CODE_SIGN_IDENTITY = "-";
				COPY_PHASE_STRIP = NO;
				DEBUG_INFORMATION_FORMAT = dwarf;
				ENABLE_STRICT_OBJC_MSGSEND = YES;
				ENABLE_TESTABILITY = YES;
				GCC_C_LANGUAGE_STANDARD = gnu99;
				GCC_DYNAMIC_NO_PIC = NO;
				GCC_NO_COMMON_BLOCKS = YES;
				GCC_OPTIMIZATION_LEVEL = 0;
				GCC_PREPROCESSOR_DEFINITIONS = (
					"DEBUG=1",
					"$(inherited)",
				);
				GCC_WARN_64_TO_32_BIT_CONVERSION = YES;
				GCC_WARN_ABOUT_RETURN_TYPE = YES_ERROR;
				GCC_WARN_UNDECLARED_SELECTOR = YES;
				GCC_WARN_UNINITIALIZED_AUTOS = YES_AGGRESSIVE;
				GCC_WARN_UNUSED_FUNCTION = YES;
				GCC_WARN_UNUSED_VARIABLE = YES;
				MACOSX_DEPLOYMENT_TARGET = 10.11;
				MTL_ENABLE_DEBUG_INFO = YES;
				ONLY_ACTIVE_ARCH = YES;
				SDKROOT = macosx;
				SWIFT_OPTIMIZATION_LEVEL = "-Onone";
			};
			name = Debug;
		};
		462FA58B1D30C1AF0099FD9E /* Release */ = {
			isa = XCBuildConfiguration;
			buildSettings = {
				ALWAYS_SEARCH_USER_PATHS = NO;
				CLANG_ANALYZER_NONNULL = YES;
				CLANG_CXX_LANGUAGE_STANDARD = "gnu++0x";
				CLANG_CXX_LIBRARY = "libc++";
				CLANG_ENABLE_MODULES = YES;
				CLANG_ENABLE_OBJC_ARC = YES;
				CLANG_WARN_BLOCK_CAPTURE_AUTORELEASING = YES;
				CLANG_WARN_BOOL_CONVERSION = YES;
				CLANG_WARN_COMMA = YES;
				CLANG_WARN_CONSTANT_CONVERSION = YES;
				CLANG_WARN_DIRECT_OBJC_ISA_USAGE = YES_ERROR;
				CLANG_WARN_EMPTY_BODY = YES;
				CLANG_WARN_ENUM_CONVERSION = YES;
				CLANG_WARN_INFINITE_RECURSION = YES;
				CLANG_WARN_INT_CONVERSION = YES;
				CLANG_WARN_NON_LITERAL_NULL_CONVERSION = YES;
				CLANG_WARN_OBJC_LITERAL_CONVERSION = YES;
				CLANG_WARN_OBJC_ROOT_CLASS = YES_ERROR;
				CLANG_WARN_RANGE_LOOP_ANALYSIS = YES;
				CLANG_WARN_STRICT_PROTOTYPES = YES;
				CLANG_WARN_SUSPICIOUS_MOVE = YES;
				CLANG_WARN_UNREACHABLE_CODE = YES;
				CLANG_WARN__DUPLICATE_METHOD_MATCH = YES;
				CODE_SIGN_IDENTITY = "-";
				COPY_PHASE_STRIP = NO;
				DEBUG_INFORMATION_FORMAT = "dwarf-with-dsym";
				ENABLE_NS_ASSERTIONS = NO;
				ENABLE_STRICT_OBJC_MSGSEND = YES;
				GCC_C_LANGUAGE_STANDARD = gnu99;
				GCC_NO_COMMON_BLOCKS = YES;
				GCC_WARN_64_TO_32_BIT_CONVERSION = YES;
				GCC_WARN_ABOUT_RETURN_TYPE = YES_ERROR;
				GCC_WARN_UNDECLARED_SELECTOR = YES;
				GCC_WARN_UNINITIALIZED_AUTOS = YES_AGGRESSIVE;
				GCC_WARN_UNUSED_FUNCTION = YES;
				GCC_WARN_UNUSED_VARIABLE = YES;
				MACOSX_DEPLOYMENT_TARGET = 10.11;
				MTL_ENABLE_DEBUG_INFO = NO;
				SDKROOT = macosx;
				SWIFT_OPTIMIZATION_LEVEL = "-Owholemodule";
			};
			name = Release;
		};
		462FA58D1D30C1AF0099FD9E /* Debug */ = {
			isa = XCBuildConfiguration;
			buildSettings = {
				ASSETCATALOG_COMPILER_APPICON_NAME = AppIcon;
				COMBINE_HIDPI_IMAGES = YES;
				INFOPLIST_FILE = AnyIpsum/Info.plist;
				LD_RUNPATH_SEARCH_PATHS = "$(inherited) @executable_path/../Frameworks";
				PRODUCT_BUNDLE_IDENTIFIER = com.jorum.AnyIpsum;
				PRODUCT_NAME = "$(TARGET_NAME)";
				SWIFT_SWIFT3_OBJC_INFERENCE = On;
				SWIFT_VERSION = 4.0;
			};
			name = Debug;
		};
		462FA58E1D30C1AF0099FD9E /* Release */ = {
			isa = XCBuildConfiguration;
			buildSettings = {
				ASSETCATALOG_COMPILER_APPICON_NAME = AppIcon;
				COMBINE_HIDPI_IMAGES = YES;
				INFOPLIST_FILE = AnyIpsum/Info.plist;
				LD_RUNPATH_SEARCH_PATHS = "$(inherited) @executable_path/../Frameworks";
				PRODUCT_BUNDLE_IDENTIFIER = com.jorum.AnyIpsum;
				PRODUCT_NAME = "$(TARGET_NAME)";
				SWIFT_SWIFT3_OBJC_INFERENCE = On;
				SWIFT_VERSION = 4.0;
			};
			name = Release;
		};
/* End XCBuildConfiguration section */

/* Begin XCConfigurationList section */
		462FA57A1D30C1AF0099FD9E /* Build configuration list for PBXProject "AnyIpsum" */ = {
			isa = XCConfigurationList;
			buildConfigurations = (
				462FA58A1D30C1AF0099FD9E /* Debug */,
				462FA58B1D30C1AF0099FD9E /* Release */,
			);
			defaultConfigurationIsVisible = 0;
			defaultConfigurationName = Release;
		};
		462FA58C1D30C1AF0099FD9E /* Build configuration list for PBXNativeTarget "AnyIpsum" */ = {
			isa = XCConfigurationList;
			buildConfigurations = (
				462FA58D1D30C1AF0099FD9E /* Debug */,
				462FA58E1D30C1AF0099FD9E /* Release */,
			);
			defaultConfigurationIsVisible = 0;
			defaultConfigurationName = Release;
		};
/* End XCConfigurationList section */
	};
	rootObject = 462FA5771D30C1AF0099FD9E /* Project object */;
}
