// !$*UTF8*$!
{
	archiveVersion = 1;
	classes = {
	};
	objectVersion = 46;
	objects = {

/* Begin PBXBuildFile section */
		A100000E0000000000000001 /* KeyboardShortcuts in Frameworks */ = {isa = PBXBuildFile; productRef = A10000210000000000000001 /* KeyboardShortcuts */; };
		A10000010000000000000001 /* AnyIpsumApp.swift in Sources */ = {isa = PBXBuildFile; fileRef = A10000110000000000000001 /* AnyIpsumApp.swift */; };
		A10000020000000000000001 /* AppModel.swift in Sources */ = {isa = PBXBuildFile; fileRef = A10000120000000000000001 /* AppModel.swift */; };
		A10000030000000000000001 /* Variation.swift in Sources */ = {isa = PBXBuildFile; fileRef = A10000130000000000000001 /* Variation.swift */; };
		A10000040000000000000001 /* StatusItemController.swift in Sources */ = {isa = PBXBuildFile; fileRef = A10000140000000000000001 /* StatusItemController.swift */; };
		A10000060000000000000001 /* SettingsView.swift in Sources */ = {isa = PBXBuildFile; fileRef = A10000160000000000000001 /* SettingsView.swift */; };
		A10000070000000000000001 /* PasteboardWriter.swift in Sources */ = {isa = PBXBuildFile; fileRef = A10000170000000000000001 /* PasteboardWriter.swift */; };
		A10000080000000000000001 /* ShortcutManager.swift in Sources */ = {isa = PBXBuildFile; fileRef = 46B95C4E22ABB0D50061AFF4 /* ShortcutManager.swift */; };
		A10000090000000000000001 /* Paragraph.swift in Sources */ = {isa = PBXBuildFile; fileRef = 46445B3120273635008E071A /* Paragraph.swift */; };
		A100000A0000000000000001 /* String+words.swift in Sources */ = {isa = PBXBuildFile; fileRef = 469992351D36505900D073CD /* String+words.swift */; };
		A100000B0000000000000001 /* String+capitalizeFirstLetter.swift in Sources */ = {isa = PBXBuildFile; fileRef = 46E666891D3CB8A6004F476F /* String+capitalizeFirstLetter.swift */; };
		A100000D0000000000000001 /* LaunchAtLoginManager.swift in Sources */ = {isa = PBXBuildFile; fileRef = A100001A0000000000000001 /* LaunchAtLoginManager.swift */; };
		A100000C0000000000000001 /* ParagraphGeneratorTests.swift in Sources */ = {isa = PBXBuildFile; fileRef = A10000180000000000000001 /* ParagraphGeneratorTests.swift */; };
		462FA5851D30C1AF0099FD9E /* Assets.xcassets in Resources */ = {isa = PBXBuildFile; fileRef = 462FA5841D30C1AF0099FD9E /* Assets.xcassets */; };
		462FA5901D312BDB0099FD9E /* Ipsum.plist in Resources */ = {isa = PBXBuildFile; fileRef = 462FA58F1D312BDB0099FD9E /* Ipsum.plist */; };
/* End PBXBuildFile section */

/* Begin PBXContainerItemProxy section */
		A10000510000000000000001 /* PBXContainerItemProxy */ = {
			isa = PBXContainerItemProxy;
			containerPortal = 462FA5771D30C1AF0099FD9E /* Project object */;
			proxyType = 1;
			remoteGlobalIDString = 462FA57E1D30C1AF0099FD9E;
			remoteInfo = AnyIpsum;
		};
/* End PBXContainerItemProxy section */

/* Begin PBXFileReference section */
		462FA57F1D30C1AF0099FD9E /* AnyIpsum.app */ = {isa = PBXFileReference; explicitFileType = wrapper.application; includeInIndex = 0; path = AnyIpsum.app; sourceTree = BUILT_PRODUCTS_DIR; };
		A10000110000000000000001 /* AnyIpsumApp.swift */ = {isa = PBXFileReference; lastKnownFileType = sourcecode.swift; path = AnyIpsumApp.swift; sourceTree = "<group>"; };
		A10000120000000000000001 /* AppModel.swift */ = {isa = PBXFileReference; lastKnownFileType = sourcecode.swift; path = AppModel.swift; sourceTree = "<group>"; };
		A10000130000000000000001 /* Variation.swift */ = {isa = PBXFileReference; lastKnownFileType = sourcecode.swift; path = Variation.swift; sourceTree = "<group>"; };
		A10000140000000000000001 /* StatusItemController.swift */ = {isa = PBXFileReference; lastKnownFileType = sourcecode.swift; path = StatusItemController.swift; sourceTree = "<group>"; };
		A10000160000000000000001 /* SettingsView.swift */ = {isa = PBXFileReference; lastKnownFileType = sourcecode.swift; path = SettingsView.swift; sourceTree = "<group>"; };
		A10000170000000000000001 /* PasteboardWriter.swift */ = {isa = PBXFileReference; lastKnownFileType = sourcecode.swift; path = PasteboardWriter.swift; sourceTree = "<group>"; };
		462FA5841D30C1AF0099FD9E /* Assets.xcassets */ = {isa = PBXFileReference; lastKnownFileType = folder.assetcatalog; path = Assets.xcassets; sourceTree = "<group>"; };
		462FA5891D30C1AF0099FD9E /* Info.plist */ = {isa = PBXFileReference; lastKnownFileType = text.plist.xml; path = Info.plist; sourceTree = "<group>"; };
		462FA58F1D312BDB0099FD9E /* Ipsum.plist */ = {isa = PBXFileReference; fileEncoding = 4; lastKnownFileType = text.plist.xml; path = Ipsum.plist; sourceTree = "<group>"; };
		46445B3120273635008E071A /* Paragraph.swift */ = {isa = PBXFileReference; lastKnownFileType = sourcecode.swift; path = Paragraph.swift; sourceTree = "<group>"; };
		469992351D36505900D073CD /* String+words.swift */ = {isa = PBXFileReference; fileEncoding = 4; lastKnownFileType = sourcecode.swift; path = "String+words.swift"; sourceTree = "<group>"; };
		46B95C4E22ABB0D50061AFF4 /* ShortcutManager.swift */ = {isa = PBXFileReference; lastKnownFileType = sourcecode.swift; path = ShortcutManager.swift; sourceTree = "<group>"; };
		46E666891D3CB8A6004F476F /* String+capitalizeFirstLetter.swift */ = {isa = PBXFileReference; fileEncoding = 4; lastKnownFileType = sourcecode.swift; path = "String+capitalizeFirstLetter.swift"; sourceTree = "<group>"; };
		A10000180000000000000001 /* ParagraphGeneratorTests.swift */ = {isa = PBXFileReference; lastKnownFileType = sourcecode.swift; path = ParagraphGeneratorTests.swift; sourceTree = "<group>"; };
		A100001A0000000000000001 /* LaunchAtLoginManager.swift */ = {isa = PBXFileReference; lastKnownFileType = sourcecode.swift; path = LaunchAtLoginManager.swift; sourceTree = "<group>"; };
		A10000190000000000000001 /* AnyIpsumTests.xctest */ = {isa = PBXFileReference; explicitFileType = wrapper.cfbundle; includeInIndex = 0; path = AnyIpsumTests.xctest; sourceTree = BUILT_PRODUCTS_DIR; };
/* End PBXFileReference section */

/* Begin PBXFrameworksBuildPhase section */
		462FA57C1D30C1AF0099FD9E /* Frameworks */ = {
			isa = PBXFrameworksBuildPhase;
			buildActionMask = 2147483647;
			files = (
				A100000E0000000000000001 /* KeyboardShortcuts in Frameworks */,
			);
			runOnlyForDeploymentPostprocessing = 0;
		};
		A10000310000000000000001 /* Test Frameworks */ = {
			isa = PBXFrameworksBuildPhase;
			buildActionMask = 2147483647;
			files = (
			);
			runOnlyForDeploymentPostprocessing = 0;
		};
/* End PBXFrameworksBuildPhase section */

/* Begin PBXGroup section */
		462FA5761D30C1AF0099FD9E = {
			isa = PBXGroup;
			children = (
				462FA5811D30C1AF0099FD9E /* AnyIpsum */,
				A10000200000000000000001 /* AnyIpsumTests */,
				462FA5801D30C1AF0099FD9E /* Products */,
			);
			sourceTree = "<group>";
		};
		462FA5801D30C1AF0099FD9E /* Products */ = {
			isa = PBXGroup;
			children = (
				462FA57F1D30C1AF0099FD9E /* AnyIpsum.app */,
				A10000190000000000000001 /* AnyIpsumTests.xctest */,
			);
			name = Products;
			sourceTree = "<group>";
		};
		A10000200000000000000001 /* AnyIpsumTests */ = {
			isa = PBXGroup;
			children = (
				A10000180000000000000001 /* ParagraphGeneratorTests.swift */,
			);
			path = AnyIpsumTests;
			sourceTree = "<group>";
		};
		462FA5811D30C1AF0099FD9E /* AnyIpsum */ = {
			isa = PBXGroup;
			children = (
				A10000110000000000000001 /* AnyIpsumApp.swift */,
				A10000120000000000000001 /* AppModel.swift */,
				A10000130000000000000001 /* Variation.swift */,
				A10000140000000000000001 /* StatusItemController.swift */,
				A10000160000000000000001 /* SettingsView.swift */,
				A10000170000000000000001 /* PasteboardWriter.swift */,
				46B95C4E22ABB0D50061AFF4 /* ShortcutManager.swift */,
				46445B3120273635008E071A /* Paragraph.swift */,
				469992351D36505900D073CD /* String+words.swift */,
				46E666891D3CB8A6004F476F /* String+capitalizeFirstLetter.swift */,
				A100001A0000000000000001 /* LaunchAtLoginManager.swift */,
				462FA5841D30C1AF0099FD9E /* Assets.xcassets */,
				462FA5891D30C1AF0099FD9E /* Info.plist */,
				462FA58F1D312BDB0099FD9E /* Ipsum.plist */,
			);
			path = AnyIpsum;
			sourceTree = "<group>";
		};
/* End PBXGroup section */

/* Begin PBXNativeTarget section */
		462FA57E1D30C1AF0099FD9E /* AnyIpsum */ = {
			isa = PBXNativeTarget;
			buildConfigurationList = 462FA58C1D30C1AF0099FD9E /* Build configuration list for PBXNativeTarget "AnyIpsum" */;
			buildPhases = (
				462FA57B1D30C1AF0099FD9E /* Sources */,
				462FA57C1D30C1AF0099FD9E /* Frameworks */,
				462FA57D1D30C1AF0099FD9E /* Resources */,
			);
			buildRules = (
			);
			dependencies = (
			);
			packageProductDependencies = (
				A10000210000000000000001 /* KeyboardShortcuts */,
			);
			name = AnyIpsum;
			productName = AnyIpsum;
			productReference = 462FA57F1D30C1AF0099FD9E /* AnyIpsum.app */;
			productType = "com.apple.product-type.application";
		};
		A10000400000000000000001 /* AnyIpsumTests */ = {
			isa = PBXNativeTarget;
			buildConfigurationList = A10000700000000000000001 /* Build configuration list for PBXNativeTarget "AnyIpsumTests" */;
			buildPhases = (
				A10000300000000000000001 /* Test Sources */,
				A10000310000000000000001 /* Test Frameworks */,
			);
			buildRules = (
			);
			dependencies = (
				A10000500000000000000001 /* AnyIpsum target dependency */,
			);
			name = AnyIpsumTests;
			productName = AnyIpsumTests;
			productReference = A10000190000000000000001 /* AnyIpsumTests.xctest */;
			productType = "com.apple.product-type.bundle.unit-test";
		};
/* End PBXNativeTarget section */

/* Begin PBXProject section */
		462FA5771D30C1AF0099FD9E /* Project object */ = {
			isa = PBXProject;
			attributes = {
				LastSwiftUpdateCheck = 0730;
				LastUpgradeCheck = 2660;
				ORGANIZATIONNAME = "Joacim de la Motte";
				TargetAttributes = {
					462FA57E1D30C1AF0099FD9E = {
						CreatedOnToolsVersion = 7.3.1;
						LastSwiftMigration = 1020;
					};
				};
			};
			buildConfigurationList = 462FA57A1D30C1AF0099FD9E /* Build configuration list for PBXProject "AnyIpsum" */;
			compatibilityVersion = "Xcode 3.2";
			developmentRegion = en;
			hasScannedForEncodings = 0;
			knownRegions = (
				en,
				Base,
			);
			mainGroup = 462FA5761D30C1AF0099FD9E;
			packageReferences = (
				A10000220000000000000001 /* XCRemoteSwiftPackageReference "KeyboardShortcuts" */,
			);
			productRefGroup = 462FA5801D30C1AF0099FD9E /* Products */;
			projectDirPath = "";
			projectRoot = "";
			targets = (
				462FA57E1D30C1AF0099FD9E /* AnyIpsum */,
				A10000400000000000000001 /* AnyIpsumTests */,
			);
		};
/* End PBXProject section */

/* Begin XCRemoteSwiftPackageReference section */
		A10000220000000000000001 /* XCRemoteSwiftPackageReference "KeyboardShortcuts" */ = {
			isa = XCRemoteSwiftPackageReference;
			repositoryURL = "https://github.com/sindresorhus/KeyboardShortcuts";
			requirement = {
				kind = exactVersion;
				version = 2.4.0;
			};
		};
/* End XCRemoteSwiftPackageReference section */

/* Begin XCSwiftPackageProductDependency section */
		A10000210000000000000001 /* KeyboardShortcuts */ = {
			isa = XCSwiftPackageProductDependency;
			package = A10000220000000000000001 /* XCRemoteSwiftPackageReference "KeyboardShortcuts" */;
			productName = KeyboardShortcuts;
		};
/* End XCSwiftPackageProductDependency section */

/* Begin PBXTargetDependency section */
		A10000500000000000000001 /* AnyIpsum target dependency */ = {
			isa = PBXTargetDependency;
			target = 462FA57E1D30C1AF0099FD9E /* AnyIpsum */;
			targetProxy = A10000510000000000000001 /* PBXContainerItemProxy */;
		};
/* End PBXTargetDependency section */

/* Begin PBXResourcesBuildPhase section */
		462FA57D1D30C1AF0099FD9E /* Resources */ = {
			isa = PBXResourcesBuildPhase;
			buildActionMask = 2147483647;
			files = (
				462FA5901D312BDB0099FD9E /* Ipsum.plist in Resources */,
				462FA5851D30C1AF0099FD9E /* Assets.xcassets in Resources */,
			);
			runOnlyForDeploymentPostprocessing = 0;
		};
/* End PBXResourcesBuildPhase section */

/* Begin PBXSourcesBuildPhase section */
		A10000300000000000000001 /* Test Sources */ = {
			isa = PBXSourcesBuildPhase;
			buildActionMask = 2147483647;
			files = (
				A100000C0000000000000001 /* ParagraphGeneratorTests.swift in Sources */,
			);
			runOnlyForDeploymentPostprocessing = 0;
		};
/* End PBXSourcesBuildPhase section */


/* Begin PBXSourcesBuildPhase section */
		462FA57B1D30C1AF0099FD9E /* Sources */ = {
			isa = PBXSourcesBuildPhase;
			buildActionMask = 2147483647;
			files = (
				A10000010000000000000001 /* AnyIpsumApp.swift in Sources */,
				A10000020000000000000001 /* AppModel.swift in Sources */,
				A10000030000000000000001 /* Variation.swift in Sources */,
				A10000040000000000000001 /* StatusItemController.swift in Sources */,
				A10000060000000000000001 /* SettingsView.swift in Sources */,
				A10000070000000000000001 /* PasteboardWriter.swift in Sources */,
				A10000080000000000000001 /* ShortcutManager.swift in Sources */,
				A10000090000000000000001 /* Paragraph.swift in Sources */,
				A100000A0000000000000001 /* String+words.swift in Sources */,
				A100000B0000000000000001 /* String+capitalizeFirstLetter.swift in Sources */,
				A100000D0000000000000001 /* LaunchAtLoginManager.swift in Sources */,
			);
			runOnlyForDeploymentPostprocessing = 0;
		};
/* End PBXSourcesBuildPhase section */

/* Begin XCBuildConfiguration section */
		462FA58A1D30C1AF0099FD9E /* Debug */ = {
			isa = XCBuildConfiguration;
			buildSettings = {
				ALWAYS_SEARCH_USER_PATHS = NO;
				CLANG_ANALYZER_LOCALIZABILITY_NONLOCALIZED = YES;
				CLANG_ANALYZER_NONNULL = YES;
				CLANG_CXX_LANGUAGE_STANDARD = "gnu++0x";
				CLANG_CXX_LIBRARY = "libc++";
				CLANG_ENABLE_MODULES = YES;
				CLANG_ENABLE_OBJC_ARC = YES;
				CLANG_WARN_BLOCK_CAPTURE_AUTORELEASING = YES;
				CLANG_WARN_BOOL_CONVERSION = YES;
				CLANG_WARN_COMMA = YES;
				CLANG_WARN_CONSTANT_CONVERSION = YES;
				CLANG_WARN_DEPRECATED_OBJC_IMPLEMENTATIONS = YES;
				CLANG_WARN_DIRECT_OBJC_ISA_USAGE = YES_ERROR;
				CLANG_WARN_EMPTY_BODY = YES;
				CLANG_WARN_ENUM_CONVERSION = YES;
				CLANG_WARN_INFINITE_RECURSION = YES;
				CLANG_WARN_INT_CONVERSION = YES;
				CLANG_WARN_NON_LITERAL_NULL_CONVERSION = YES;
				CLANG_WARN_OBJC_IMPLICIT_RETAIN_SELF = YES;
				CLANG_WARN_OBJC_LITERAL_CONVERSION = YES;
				CLANG_WARN_OBJC_ROOT_CLASS = YES_ERROR;
				CLANG_WARN_QUOTED_INCLUDE_IN_FRAMEWORK_HEADER = YES;
				CLANG_WARN_RANGE_LOOP_ANALYSIS = YES;
				CLANG_WARN_STRICT_PROTOTYPES = YES;
				CLANG_WARN_SUSPICIOUS_MOVE = YES;
				CLANG_WARN_UNREACHABLE_CODE = YES;
				CLANG_WARN__DUPLICATE_METHOD_MATCH = YES;
				CODE_SIGN_IDENTITY = "-";
				COPY_PHASE_STRIP = NO;
				DEBUG_INFORMATION_FORMAT = dwarf;
				ENABLE_STRICT_OBJC_MSGSEND = YES;
				ENABLE_TESTABILITY = YES;
				GCC_C_LANGUAGE_STANDARD = gnu99;
				GCC_DYNAMIC_NO_PIC = NO;
				GCC_NO_COMMON_BLOCKS = YES;
				GCC_OPTIMIZATION_LEVEL = 0;
				GCC_PREPROCESSOR_DEFINITIONS = (
					"DEBUG=1",
					"$(inherited)",
				);
				GCC_WARN_64_TO_32_BIT_CONVERSION = YES;
				GCC_WARN_ABOUT_RETURN_TYPE = YES_ERROR;
				GCC_WARN_UNDECLARED_SELECTOR = YES;
				GCC_WARN_UNINITIALIZED_AUTOS = YES_AGGRESSIVE;
				GCC_WARN_UNUSED_FUNCTION = YES;
				GCC_WARN_UNUSED_VARIABLE = YES;
				MACOSX_DEPLOYMENT_TARGET = 14.0;
				MTL_ENABLE_DEBUG_INFO = YES;
				ONLY_ACTIVE_ARCH = YES;
				SDKROOT = macosx;
				SWIFT_OPTIMIZATION_LEVEL = "-Onone";
			};
			name = Debug;
		};
		462FA58B1D30C1AF0099FD9E /* Release */ = {
			isa = XCBuildConfiguration;
			buildSettings = {
				ALWAYS_SEARCH_USER_PATHS = NO;
				CLANG_ANALYZER_LOCALIZABILITY_NONLOCALIZED = YES;
				CLANG_ANALYZER_NONNULL = YES;
				CLANG_CXX_LANGUAGE_STANDARD = "gnu++0x";
				CLANG_CXX_LIBRARY = "libc++";
				CLANG_ENABLE_MODULES = YES;
				CLANG_ENABLE_OBJC_ARC = YES;
				CLANG_WARN_BLOCK_CAPTURE_AUTORELEASING = YES;
				CLANG_WARN_BOOL_CONVERSION = YES;
				CLANG_WARN_COMMA = YES;
				CLANG_WARN_CONSTANT_CONVERSION = YES;
				CLANG_WARN_DEPRECATED_OBJC_IMPLEMENTATIONS = YES;
				CLANG_WARN_DIRECT_OBJC_ISA_USAGE = YES_ERROR;
				CLANG_WARN_EMPTY_BODY = YES;
				CLANG_WARN_ENUM_CONVERSION = YES;
				CLANG_WARN_INFINITE_RECURSION = YES;
				CLANG_WARN_INT_CONVERSION = YES;
				CLANG_WARN_NON_LITERAL_NULL_CONVERSION = YES;
				CLANG_WARN_OBJC_IMPLICIT_RETAIN_SELF = YES;
				CLANG_WARN_OBJC_LITERAL_CONVERSION = YES;
				CLANG_WARN_OBJC_ROOT_CLASS = YES_ERROR;
				CLANG_WARN_QUOTED_INCLUDE_IN_FRAMEWORK_HEADER = YES;
				CLANG_WARN_RANGE_LOOP_ANALYSIS = YES;
				CLANG_WARN_STRICT_PROTOTYPES = YES;
				CLANG_WARN_SUSPICIOUS_MOVE = YES;
				CLANG_WARN_UNREACHABLE_CODE = YES;
				CLANG_WARN__DUPLICATE_METHOD_MATCH = YES;
				CODE_SIGN_IDENTITY = "-";
				COPY_PHASE_STRIP = NO;
				DEBUG_INFORMATION_FORMAT = "dwarf-with-dsym";
				ENABLE_NS_ASSERTIONS = NO;
				ENABLE_STRICT_OBJC_MSGSEND = YES;
				GCC_C_LANGUAGE_STANDARD = gnu99;
				GCC_NO_COMMON_BLOCKS = YES;
				GCC_WARN_64_TO_32_BIT_CONVERSION = YES;
				GCC_WARN_ABOUT_RETURN_TYPE = YES_ERROR;
				GCC_WARN_UNDECLARED_SELECTOR = YES;
				GCC_WARN_UNINITIALIZED_AUTOS = YES_AGGRESSIVE;
				GCC_WARN_UNUSED_FUNCTION = YES;
				GCC_WARN_UNUSED_VARIABLE = YES;
				MACOSX_DEPLOYMENT_TARGET = 14.0;
				MTL_ENABLE_DEBUG_INFO = NO;
				SDKROOT = macosx;
				SWIFT_OPTIMIZATION_LEVEL = "-Owholemodule";
			};
			name = Release;
		};
		462FA58D1D30C1AF0099FD9E /* Debug */ = {
			isa = XCBuildConfiguration;
			buildSettings = {
				ASSETCATALOG_COMPILER_APPICON_NAME = AppIcon;
				CODE_SIGN_IDENTITY = "-";
				COMBINE_HIDPI_IMAGES = YES;
				CURRENT_PROJECT_VERSION = 1;
				DEVELOPMENT_TEAM = "";
				INFOPLIST_FILE = AnyIpsum/Info.plist;
				SWIFT_VERSION = 5.0;
				MARKETING_VERSION = 0.10.0;
				PRODUCT_BUNDLE_IDENTIFIER = com.jorum.AnyIpsum;
				PRODUCT_NAME = "$(TARGET_NAME)";
			};
			name = Debug;
		};
		462FA58E1D30C1AF0099FD9E /* Release */ = {
			isa = XCBuildConfiguration;
			buildSettings = {
				ASSETCATALOG_COMPILER_APPICON_NAME = AppIcon;
				CODE_SIGN_IDENTITY = "-";
				COMBINE_HIDPI_IMAGES = YES;
				CURRENT_PROJECT_VERSION = 1;
				INFOPLIST_FILE = AnyIpsum/Info.plist;
				SWIFT_VERSION = 5.0;
				MARKETING_VERSION = 0.10.0;
				PRODUCT_BUNDLE_IDENTIFIER = com.jorum.AnyIpsum;
				PRODUCT_NAME = "$(TARGET_NAME)";
			};
			name = Release;
		};
		A10000600000000000000001 /* Test Debug */ = {
			isa = XCBuildConfiguration;
			buildSettings = {
				BUNDLE_LOADER = "$(TEST_HOST)";
				CODE_SIGN_IDENTITY = "-";
				GENERATE_INFOPLIST_FILE = YES;
				MACOSX_DEPLOYMENT_TARGET = 14.0;
				PRODUCT_BUNDLE_IDENTIFIER = com.jorum.AnyIpsumTests;
				PRODUCT_NAME = "$(TARGET_NAME)";
				SWIFT_VERSION = 5.0;
				TEST_HOST = "$(BUILT_PRODUCTS_DIR)/AnyIpsum.app/Contents/MacOS/AnyIpsum";
			};
			name = Debug;
		};
		A10000610000000000000001 /* Test Release */ = {
			isa = XCBuildConfiguration;
			buildSettings = {
				BUNDLE_LOADER = "$(TEST_HOST)";
				CODE_SIGN_IDENTITY = "-";
				GENERATE_INFOPLIST_FILE = YES;
				MACOSX_DEPLOYMENT_TARGET = 14.0;
				PRODUCT_BUNDLE_IDENTIFIER = com.jorum.AnyIpsumTests;
				PRODUCT_NAME = "$(TARGET_NAME)";
				SWIFT_VERSION = 5.0;
				TEST_HOST = "$(BUILT_PRODUCTS_DIR)/AnyIpsum.app/Contents/MacOS/AnyIpsum";
			};
			name = Release;
		};
/* End XCBuildConfiguration section */

/* Begin XCConfigurationList section */
		462FA57A1D30C1AF0099FD9E /* Build configuration list for PBXProject "AnyIpsum" */ = {
			isa = XCConfigurationList;
			buildConfigurations = (
				462FA58A1D30C1AF0099FD9E /* Debug */,
				462FA58B1D30C1AF0099FD9E /* Release */,
			);
			defaultConfigurationIsVisible = 0;
			defaultConfigurationName = Release;
		};
		462FA58C1D30C1AF0099FD9E /* Build configuration list for PBXNativeTarget "AnyIpsum" */ = {
			isa = XCConfigurationList;
			buildConfigurations = (
				462FA58D1D30C1AF0099FD9E /* Debug */,
				462FA58E1D30C1AF0099FD9E /* Release */,
			);
			defaultConfigurationIsVisible = 0;
			defaultConfigurationName = Release;
		};
		A10000700000000000000001 /* Build configuration list for PBXNativeTarget "AnyIpsumTests" */ = {
			isa = XCConfigurationList;
			buildConfigurations = (
				A10000600000000000000001 /* Test Debug */,
				A10000610000000000000001 /* Test Release */,
			);
			defaultConfigurationIsVisible = 0;
			defaultConfigurationName = Release;
		};
/* End XCConfigurationList section */
	};
	rootObject = 462FA5771D30C1AF0099FD9E /* Project object */;
}
